{
  "version": 1,
  "canonVersion": "0.0.1",
  "source": "github:JiarongGu/Daoris#v0.0.1",
  "entries": [
    {
      "pack": "dotnet-library",
      "source": "packs/dotnet-library/knowledge/library-api-design.md",
      "target": "knowledge/library-api-design.md",
      "canonVersion": "0.0.1",
      "sha256": "ee5aa949a92cf4dbdddfc357669fbce08c45b2e3fffcac74f22a6ddcf64ed1a3"
    },
    {
      "pack": "core",
      "source": "core/knowledge/model-decoupling.md",
      "target": "knowledge/model-decoupling.md",
      "canonVersion": "0.0.1",
      "sha256": "c06fb90c762c0864bc964c9a374b37f0e5676b42cc53bce76d769ccf4c46ab5b"
    },
    {
      "pack": "storage-sql",
      "source": "packs/storage-sql/knowledge/sql-storage.md",
      "target": "knowledge/sql-storage.md",
      "canonVersion": "0.0.1",
      "sha256": "89d5565edaad952c5d7fd43ad23fb7e8c1ec0659775fdb4e03aba974a7e88107"
    },
    {
      "pack": "dotnet-library",
      "source": "packs/dotnet-library/rules/dotnet-package-layout.md",
      "target": "rules/dotnet-package-layout.md",
      "canonVersion": "0.0.1",
      "sha256": "7c65ddc07bdaeae8ec50bdb71eaec61ac7a24fd828d57bf733202b634c4f3016"
    },
    {
      "pack": "core",
      "source": "core/rules/file-tool-discipline.md",
      "target": "rules/file-tool-discipline.md",
      "canonVersion": "0.0.1",
      "sha256": "95b400b368bed720e2d34df74deaa940e4ee9afe1eb03b79b21b399d0e52d363"
    },
    {
      "pack": "core",
      "source": "core/rules/no-global-memory.md",
      "target": "rules/no-global-memory.md",
      "canonVersion": "0.0.1",
      "sha256": "d481196b2751725947827ac4520927eeae4735ede19d23d0b916db0a9c5fb359"
    },
    {
      "pack": "core",
      "source": "core/rules/no-tmp-for-repo-files.md",
      "target": "rules/no-tmp-for-repo-files.md",
      "canonVersion": "0.0.1",
      "sha256": "9cf14072ceaf6519f74e3a0fc14d0095d00f8ca7ee53bc8409af44862f49504e"
    },
    {
      "pack": "core",
      "source": "core/rules/persist-working-state.md",
      "target": "rules/persist-working-state.md",
      "canonVersion": "0.0.1",
      "sha256": "15636362ef404fc9d9b80745d9adf8fc598c40053c9bd89afc6632acb2f4513b"
    },
    {
      "pack": "core",
      "source": "core/rules/sensitive-info.md",
      "target": "rules/sensitive-info.md",
      "canonVersion": "0.0.1",
      "sha256": "c0cfd28f9275f5e7e7d25e8c30aca2d1ec784811fc9bf779db71abcfdcd1cd6e"
    },
    {
      "pack": "core",
      "source": "core/rules/skills-workflow.md",
      "target": "rules/skills-workflow.md",
      "canonVersion": "0.0.1",
      "sha256": "cd52b99cff12240f449936238861193c05df0c9dca32a460872624ffc2efa299"
    },
    {
      "pack": "core",
      "source": "core/rules/task-lifecycle.md",
      "target": "rules/task-lifecycle.md",
      "canonVersion": "0.0.1",
      "sha256": "fefaa9477428dd51e1c71271369790ce1636c61afa4155736db5ebc5b9df8e1a"
    },
    {
      "pack": "windows-machine",
      "source": "packs/windows-machine/rules/windows-machine.md",
      "target": "rules/windows-machine.md",
      "canonVersion": "0.0.1",
      "sha256": "9895d143b57d5301d1b0812cc8b6cf529ee776e6a7293343d22760612c59cf23"
    },
    {
      "pack": "core",
      "source": "core/skills/caveman/SKILL.md",
      "target": "skills/caveman/SKILL.md",
      "canonVersion": "0.0.1",
      "sha256": "696cae3e4e1b9282e0c6e2864c0c82cb4aad668e7695511c84e26e796be61079"
    },
    {
      "pack": "core",
      "source": "core/skills/doc-loader/SKILL.md",
      "target": "skills/doc-loader/SKILL.md",
      "canonVersion": "0.0.1",
      "sha256": "3e4e1d55527a270e0ec7ba8bc8410328572abef8bf5ef3dc5f83bb471f139c37"
    },
    {
      "pack": "core",
      "source": "core/skills/fix-log/SKILL.md",
      "target": "skills/fix-log/SKILL.md",
      "canonVersion": "0.0.1",
      "sha256": "3d31678e3ad8237a409524aa0d96b10e68b3a8935dc3a3bf443c05348d36275f"
    },
    {
      "pack": "core",
      "source": "core/skills/pattern-finder/SKILL.md",
      "target": "skills/pattern-finder/SKILL.md",
      "canonVersion": "0.0.1",
      "sha256": "03156a1f6d740e54601f68f10b6b4ac72eace5d3e5c4e4801cb9475f6c202fb2"
    },
    {
      "pack": "core",
      "source": "core/skills/post-feature/SKILL.md",
      "target": "skills/post-feature/SKILL.md",
      "canonVersion": "0.0.1",
      "sha256": "708130ef9a9eb41c85c2fc06640517e5164976a18b41f1431105923e14db0e80"
    }
  ]
}
